
Microsoft Visual Studio Solution File, Format Version 12.00
# Visual Studio Version 16
VisualStudioVersion = 16.0.31624.102
MinimumVisualStudioVersion = 10.0.40219.1
Project("{FAE04EC0-301F-11D3-BF4B-00C04F79EFBC}") = "ApexLegends跳蛋助手", "游戏玩具助手\ApexLegends跳蛋助手.csproj", "{D08F7310-A2C4-4894-81E2-18900A1A3F4B}"
EndProject
Global
	GlobalSection(SolutionConfigurationPlatforms) = preSolution
		Debug|Any CPU = Debug|Any CPU
		Release|Any CPU = Release|Any CPU
	EndGlobalSection
	GlobalSection(ProjectConfigurationPlatforms) = postSolution
		{D08F7310-A2C4-4894-81E2-18900A1A3F4B}.Debug|Any CPU.ActiveCfg = Debug|Any CPU
		{D08F7310-A2C4-4894-81E2-18900A1A3F4B}.Debug|Any CPU.Build.0 = Debug|Any CPU
		{D08F7310-A2C4-4894-81E2-18900A1A3F4B}.Release|Any CPU.ActiveCfg = Release|Any CPU
		{D08F7310-A2C4-4894-81E2-18900A1A3F4B}.Release|Any CPU.Build.0 = Release|Any CPU
	EndGlobalSection
	GlobalSection(SolutionProperties) = preSolution
		HideSolutionNode = FALSE
	EndGlobalSection
	GlobalSection(ExtensibilityGlobals) = postSolution
		SolutionGuid = {7DCEE754-031B-49E0-9779-7EDA989830DC}
	EndGlobalSection
EndGlobal
